{
  "requires": true,
  "lockfileVersion": 1,
  "dependencies": {
    "@babel/helper-validator-identifier": {
      "version": "7.12.11",
      "resolved": "https://registry.npmjs.org/@babel/helper-validator-identifier/-/helper-validator-identifier-7.12.11.tgz",
      "integrity": "sha512-np/lG3uARFybkoHokJUmf1QfEvRVCPbmQeUQpKow5cQ3xWrV9i3rUHodKDJPQfTVX61qKi+UdYk8kik84n7XOw=="
    },
    "@babel/parser": {
      "version": "7.12.15",
      "resolved": "https://registry.npmjs.org/@babel/parser/-/parser-7.12.15.tgz",
      "integrity": "sha512-AQBOU2Z9kWwSZMd6lNjCX0GUgFonL1wAM1db8L8PMk9UDaGsRCArBkU4Sc+UCM3AE4hjbXx+h58Lb3QT4oRmrA=="
    },
    "@babel/types": {
      "version": "7.12.13",
      "resolved": "https://registry.npmjs.org/@babel/types/-/types-7.12.13.tgz",
      "integrity": "sha512-oKrdZTld2im1z8bDwTOQvUbxKwE+854zc16qWZQlcTqMN00pWxHQ4ZeOq0yDMnisOpRykH2/5Qqcrk/OlbAjiQ==",
      "requires": {
        "@babel/helper-validator-identifier": "^7.12.11",
        "lodash": "^4.17.19",
        "to-fast-properties": "^2.0.0"
      }
    },
    "@snowpack/plugin-dotenv": {
      "version": "2.0.5",
      "resolved": "https://registry.npmjs.org/@snowpack/plugin-dotenv/-/plugin-dotenv-2.0.5.tgz",
      "integrity": "sha512-y54lwYRDpTfDTU3uopHLND0DKIjjyWiYxhvOPfZvC4OpOd7UIRwMdSOd5XLZJPEBJ4BD38lDLiXh+ODfNDqhnQ==",
      "dev": true,
      "requires": {
        "dotenv": "^8.2.0",
        "dotenv-expand": "^5.1.0"
      }
    },
    "@snowpack/plugin-vue": {
      "version": "2.3.0",
      "resolved": "https://registry.npmjs.org/@snowpack/plugin-vue/-/plugin-vue-2.3.0.tgz",
      "integrity": "sha512-W53I7nZrHaV85yNqo9PaD1M0FS0Ftw9+eiGf8mez7lyvSd//MGAhdIjXO7Xn2RhnBauM/BnbnUxu/L/2/P5FiA==",
      "dev": true,
      "requires": {
        "@vue/compiler-sfc": "^3.0.0",
        "hash-sum": "^2.0.0"
      }
    },
    "@vue/compiler-core": {
      "version": "3.0.5",
      "resolved": "https://registry.npmjs.org/@vue/compiler-core/-/compiler-core-3.0.5.tgz",
      "integrity": "sha512-iFXwk2gmU/GGwN4hpBwDWWMLvpkIejf/AybcFtlQ5V1ur+5jwfBaV0Y1RXoR6ePfBPJixtKZ3PmN+M+HgMAtfQ==",
      "requires": {
        "@babel/parser": "^7.12.0",
        "@babel/types": "^7.12.0",
        "@vue/shared": "3.0.5",
        "estree-walker": "^2.0.1",
        "source-map": "^0.6.1"
      }
    },
    "@vue/compiler-dom": {
      "version": "3.0.5",
      "resolved": "https://registry.npmjs.org/@vue/compiler-dom/-/compiler-dom-3.0.5.tgz",
      "integrity": "sha512-HSOSe2XSPuCkp20h4+HXSiPH9qkhz6YbW9z9ZtL5vef2T2PMugH7/osIFVSrRZP/Ul5twFZ7MIRlp8tPX6e4/g==",
      "requires": {
        "@vue/compiler-core": "3.0.5",
        "@vue/shared": "3.0.5"
      }
    },
    "@vue/compiler-sfc": {
      "version": "3.2.45",
      "resolved": "https://registry.npmjs.org/@vue/compiler-sfc/-/compiler-sfc-3.2.45.tgz",
      "integrity": "sha512-1jXDuWah1ggsnSAOGsec8cFjT/K6TMZ0sPL3o3d84Ft2AYZi2jWJgRMjw4iaK0rBfA89L5gw427H4n1RZQBu6Q==",
      "dev": true,
      "requires": {
        "@babel/parser": "^7.16.4",
        "@vue/compiler-core": "3.2.45",
        "@vue/compiler-dom": "3.2.45",
        "@vue/compiler-ssr": "3.2.45",
        "@vue/reactivity-transform": "3.2.45",
        "@vue/shared": "3.2.45",
        "estree-walker": "^2.0.2",
        "magic-string": "^0.25.7",
        "postcss": "^8.1.10",
        "source-map": "^0.6.1"
      },
      "dependencies": {
        "@babel/parser": {
          "version": "7.20.7",
          "resolved": "https://registry.npmjs.org/@babel/parser/-/parser-7.20.7.tgz",
          "integrity": "sha512-T3Z9oHybU+0vZlY9CiDSJQTD5ZapcW18ZctFMi0MOAl/4BjFF4ul7NVSARLdbGO5vDqy9eQiGTV0LtKfvCYvcg==",
          "dev": true
        },
        "@vue/compiler-core": {
          "version": "3.2.45",
          "resolved": "https://registry.npmjs.org/@vue/compiler-core/-/compiler-core-3.2.45.tgz",
          "integrity": "sha512-rcMj7H+PYe5wBV3iYeUgbCglC+pbpN8hBLTJvRiK2eKQiWqu+fG9F+8sW99JdL4LQi7Re178UOxn09puSXvn4A==",
          "dev": true,
          "requires": {
            "@babel/parser": "^7.16.4",
            "@vue/shared": "3.2.45",
            "estree-walker": "^2.0.2",
            "source-map": "^0.6.1"
          }
        },
        "@vue/compiler-dom": {
          "version": "3.2.45",
          "resolved": "https://registry.npmjs.org/@vue/compiler-dom/-/compiler-dom-3.2.45.tgz",
          "integrity": "sha512-tyYeUEuKqqZO137WrZkpwfPCdiiIeXYCcJ8L4gWz9vqaxzIQRccTSwSWZ/Axx5YR2z+LvpUbmPNXxuBU45lyRw==",
          "dev": true,
          "requires": {
            "@vue/compiler-core": "3.2.45",
            "@vue/shared": "3.2.45"
          }
        },
        "@vue/compiler-ssr": {
          "version": "3.2.45",
          "resolved": "https://registry.npmjs.org/@vue/compiler-ssr/-/compiler-ssr-3.2.45.tgz",
          "integrity": "sha512-6BRaggEGqhWht3lt24CrIbQSRD5O07MTmd+LjAn5fJj568+R9eUD2F7wMQJjX859seSlrYog7sUtrZSd7feqrQ==",
          "dev": true,
          "requires": {
            "@vue/compiler-dom": "3.2.45",
            "@vue/shared": "3.2.45"
          }
        },
        "@vue/shared": {
          "version": "3.2.45",
          "resolved": "https://registry.npmjs.org/@vue/shared/-/shared-3.2.45.tgz",
          "integrity": "sha512-Ewzq5Yhimg7pSztDV+RH1UDKBzmtqieXQlpTVm2AwraoRL/Rks96mvd8Vgi7Lj+h+TH8dv7mXD3FRZR3TUvbSg==",
          "dev": true
        },
        "picocolors": {
          "version": "1.0.0",
          "resolved": "https://registry.npmjs.org/picocolors/-/picocolors-1.0.0.tgz",
          "integrity": "sha512-1fygroTLlHu66zi26VoTDv8yRgm0Fccecssto+MhsZ0D/DGW2sm8E8AjW7NU5VVTRt5GxbeZ5qBuJr+HyLYkjQ==",
          "dev": true
        },
        "postcss": {
          "version": "8.4.20",
          "resolved": "https://registry.npmjs.org/postcss/-/postcss-8.4.20.tgz",
          "integrity": "sha512-6Q04AXR1212bXr5fh03u8aAwbLxAQNGQ/Q1LNa0VfOI06ZAlhPHtQvE4OIdpj4kLThXilalPnmDSOD65DcHt+g==",
          "dev": true,
          "requires": {
            "nanoid": "^3.3.4",
            "picocolors": "^1.0.0",
            "source-map-js": "^1.0.2"
          }
        }
      }
    },
    "@vue/reactivity": {
      "version": "3.0.5",
      "resolved": "https://registry.npmjs.org/@vue/reactivity/-/reactivity-3.0.5.tgz",
      "integrity": "sha512-3xodUE3sEIJgS7ntwUbopIpzzvi7vDAOjVamfb2l+v1FUg0jpd3gf62N2wggJw3fxBMr+QvyxpD+dBoxLsmAjw==",
      "requires": {
        "@vue/shared": "3.0.5"
      }
    },
    "@vue/reactivity-transform": {
      "version": "3.2.45",
      "resolved": "https://registry.npmjs.org/@vue/reactivity-transform/-/reactivity-transform-3.2.45.tgz",
      "integrity": "sha512-BHVmzYAvM7vcU5WmuYqXpwaBHjsS8T63jlKGWVtHxAHIoMIlmaMyurUSEs1Zcg46M4AYT5MtB1U274/2aNzjJQ==",
      "dev": true,
      "requires": {
        "@babel/parser": "^7.16.4",
        "@vue/compiler-core": "3.2.45",
        "@vue/shared": "3.2.45",
        "estree-walker": "^2.0.2",
        "magic-string": "^0.25.7"
      },
      "dependencies": {
        "@babel/parser": {
          "version": "7.20.7",
          "resolved": "https://registry.npmjs.org/@babel/parser/-/parser-7.20.7.tgz",
          "integrity": "sha512-T3Z9oHybU+0vZlY9CiDSJQTD5ZapcW18ZctFMi0MOAl/4BjFF4ul7NVSARLdbGO5vDqy9eQiGTV0LtKfvCYvcg==",
          "dev": true
        },
        "@vue/compiler-core": {
          "version": "3.2.45",
          "resolved": "https://registry.npmjs.org/@vue/compiler-core/-/compiler-core-3.2.45.tgz",
          "integrity": "sha512-rcMj7H+PYe5wBV3iYeUgbCglC+pbpN8hBLTJvRiK2eKQiWqu+fG9F+8sW99JdL4LQi7Re178UOxn09puSXvn4A==",
          "dev": true,
          "requires": {
            "@babel/parser": "^7.16.4",
            "@vue/shared": "3.2.45",
            "estree-walker": "^2.0.2",
            "source-map": "^0.6.1"
          }
        },
        "@vue/shared": {
          "version": "3.2.45",
          "resolved": "https://registry.npmjs.org/@vue/shared/-/shared-3.2.45.tgz",
          "integrity": "sha512-Ewzq5Yhimg7pSztDV+RH1UDKBzmtqieXQlpTVm2AwraoRL/Rks96mvd8Vgi7Lj+h+TH8dv7mXD3FRZR3TUvbSg==",
          "dev": true
        }
      }
    },
    "@vue/runtime-core": {
      "version": "3.0.5",
      "resolved": "https://registry.npmjs.org/@vue/runtime-core/-/runtime-core-3.0.5.tgz",
      "integrity": "sha512-Cnyi2NqREwOLcTEsIi1DQX1hHtkVj4eGm4hBG7HhokS05DqpK4/80jG6PCCnCH9rIJDB2FqtaODX397210plXg==",
      "requires": {
        "@vue/reactivity": "3.0.5",
        "@vue/shared": "3.0.5"
      }
    },
    "@vue/runtime-dom": {
      "version": "3.0.5",
      "resolved": "https://registry.npmjs.org/@vue/runtime-dom/-/runtime-dom-3.0.5.tgz",
      "integrity": "sha512-iilX1KySeIzHHtErT6Y44db1rhWK5tAI0CiJIPr+SJoZ2jbjoOSE6ff/jfIQakchbm1d6jq6VtRVnp5xYdOXKA==",
      "requires": {
        "@vue/runtime-core": "3.0.5",
        "@vue/shared": "3.0.5",
        "csstype": "^2.6.8"
      }
    },
    "@vue/shared": {
      "version": "3.0.5",
      "resolved": "https://registry.npmjs.org/@vue/shared/-/shared-3.0.5.tgz",
      "integrity": "sha512-gYsNoGkWejBxNO6SNRjOh/xKeZ0H0V+TFzaPzODfBjkAIb0aQgBuixC1brandC/CDJy1wYPwSoYrXpvul7m6yw=="
    },
    "csstype": {
      "version": "2.6.14",
      "resolved": "https://registry.npmjs.org/csstype/-/csstype-2.6.14.tgz",
      "integrity": "sha512-2mSc+VEpGPblzAxyeR+vZhJKgYg0Og0nnRi7pmRXFYYxSfnOnW8A5wwQb4n4cE2nIOzqKOAzLCaEX6aBmNEv8A=="
    },
    "dotenv": {
      "version": "8.2.0",
      "resolved": "https://registry.npmjs.org/dotenv/-/dotenv-8.2.0.tgz",
      "integrity": "sha512-8sJ78ElpbDJBHNeBzUbUVLsqKdccaa/BXF1uPTw3GrvQTBgrQrtObr2mUrE38vzYd8cEv+m/JBfDLioYcfXoaw==",
      "dev": true
    },
    "dotenv-expand": {
      "version": "5.1.0",
      "resolved": "https://registry.npmjs.org/dotenv-expand/-/dotenv-expand-5.1.0.tgz",
      "integrity": "sha512-YXQl1DSa4/PQyRfgrv6aoNjhasp/p4qs9FjJ4q4cQk+8m4r6k4ZSiEyytKG8f8W9gi8WsQtIObNmKd+tMzNTmA==",
      "dev": true
    },
    "esbuild": {
      "version": "0.8.43",
      "resolved": "https://registry.npmjs.org/esbuild/-/esbuild-0.8.43.tgz",
      "integrity": "sha512-ZVE2CpootS4jtnfV0bbtJdgRsHEXcMP0P7ZXGfTmNzzhBr2e5ag7Vp3ry0jmw8zduJz4iHzxg4m5jtPxWERz1w==",
      "dev": true
    },
    "estree-walker": {
      "version": "2.0.2",
      "resolved": "https://registry.npmjs.org/estree-walker/-/estree-walker-2.0.2.tgz",
      "integrity": "sha512-Rfkk/Mp/DL7JVje3u18FxFujQlTNR2q6QfMSMB7AvCBx91NGj/ba3kCfza0f6dVDbw7YlRf/nDrn7pQrCCyQ/w=="
    },
    "fsevents": {
      "version": "2.3.2",
      "resolved": "https://registry.npmjs.org/fsevents/-/fsevents-2.3.2.tgz",
      "integrity": "sha512-xiqMQR4xAeHTuB9uWm+fFRcIOgKBMiOBP+eXiyT7jsgVCq1bkVygt00oASowB7EdtpOHaaPgKt812P9ab+DDKA==",
      "dev": true,
      "optional": true
    },
    "hash-sum": {
      "version": "2.0.0",
      "resolved": "https://registry.npmjs.org/hash-sum/-/hash-sum-2.0.0.tgz",
      "integrity": "sha512-WdZTbAByD+pHfl/g9QSsBIIwy8IT+EsPiKDs0KNX+zSHhdDLFKdZu0BQHljvO+0QI/BasbMSUa8wYNCZTvhslg==",
      "dev": true
    },
    "is-docker": {
      "version": "2.1.1",
      "resolved": "https://registry.npmjs.org/is-docker/-/is-docker-2.1.1.tgz",
      "integrity": "sha512-ZOoqiXfEwtGknTiuDEy8pN2CfE3TxMHprvNer1mXiqwkOT77Rw3YVrUQ52EqAOU3QAWDQ+bQdx7HJzrv7LS2Hw==",
      "dev": true
    },
    "is-wsl": {
      "version": "2.2.0",
      "resolved": "https://registry.npmjs.org/is-wsl/-/is-wsl-2.2.0.tgz",
      "integrity": "sha512-fKzAra0rGJUUBwGBgNkHZuToZcn+TtXHpeCgmkMJMMYx1sQDYaCSyjJBSCa2nH1DGm7s3n1oBnohoVTBaN7Lww==",
      "dev": true,
      "requires": {
        "is-docker": "^2.0.0"
      }
    },
    "lodash": {
      "version": "4.17.21",
      "resolved": "https://registry.npmjs.org/lodash/-/lodash-4.17.21.tgz",
      "integrity": "sha512-v2kDEe57lecTulaDIuNTPy3Ry4gLGJ6Z1O3vE1krgXZNrsQ+LFTGHVxVjcXPs17LhbZVGedAJv8XZ1tvj5FvSg=="
    },
    "magic-string": {
      "version": "0.25.7",
      "resolved": "https://registry.npmjs.org/magic-string/-/magic-string-0.25.7.tgz",
      "integrity": "sha512-4CrMT5DOHTDk4HYDlzmwu4FVCcIYI8gauveasrdCu2IKIFOJ3f0v/8MDGJCDL9oD2ppz/Av1b0Nj345H9M+XIA==",
      "dev": true,
      "requires": {
        "sourcemap-codec": "^1.4.4"
      }
    },
    "nanoid": {
      "version": "3.3.4",
      "resolved": "https://registry.npmjs.org/nanoid/-/nanoid-3.3.4.tgz",
      "integrity": "sha512-MqBkQh/OHTS2egovRtLk45wEyNXwF+cokD+1YPf9u5VfJiRdAiRwB2froX5Co9Rh20xs4siNPm8naNotSD6RBw==",
      "dev": true
    },
    "open": {
      "version": "7.4.0",
      "resolved": "https://registry.npmjs.org/open/-/open-7.4.0.tgz",
      "integrity": "sha512-PGoBCX/lclIWlpS/R2PQuIR4NJoXh6X5AwVzE7WXnWRGvHg7+4TBCgsujUgiPpm0K1y4qvQeWnCWVTpTKZBtvA==",
      "dev": true,
      "requires": {
        "is-docker": "^2.0.0",
        "is-wsl": "^2.1.1"
      }
    },
    "rollup": {
      "version": "2.38.5",
      "resolved": "https://registry.npmjs.org/rollup/-/rollup-2.38.5.tgz",
      "integrity": "sha512-VoWt8DysFGDVRGWuHTqZzT02J0ASgjVq/hPs9QcBOGMd7B+jfTr/iqMVEyOi901rE3xq+Deq66GzIT1yt7sGwQ==",
      "dev": true,
      "requires": {
        "fsevents": "~2.3.1"
      }
    },
    "snowpack": {
      "version": "3.0.11",
      "resolved": "https://registry.npmjs.org/snowpack/-/snowpack-3.0.11.tgz",
      "integrity": "sha512-lBxgkvWTgdg0szE31JUt01wQkA9Lnmm+6lxqeV9rxDfflpx7ASnldVHFvu7Se70QJmPTQB0UJjfKI+xmYGwiiQ==",
      "dev": true,
      "requires": {
        "esbuild": "^0.8.7",
        "fsevents": "^2.2.0",
        "open": "^7.0.4",
        "rollup": "^2.34.0"
      }
    },
    "source-map": {
      "version": "0.6.1",
      "resolved": "https://registry.npmjs.org/source-map/-/source-map-0.6.1.tgz",
      "integrity": "sha512-UjgapumWlbMhkBgzT7Ykc5YXUT46F0iKu8SGXq0bcwP5dz/h0Plj6enJqjz1Zbq2l5WaqYnrVbwWOWMyF3F47g=="
    },
    "source-map-js": {
      "version": "1.0.2",
      "resolved": "https://registry.npmjs.org/source-map-js/-/source-map-js-1.0.2.tgz",
      "integrity": "sha512-R0XvVJ9WusLiqTCEiGCmICCMplcCkIwwR11mOSD9CR5u+IXYdiseeEuXCVAjS54zqwkLcPNnmU4OeJ6tUrWhDw==",
      "dev": true
    },
    "sourcemap-codec": {
      "version": "1.4.8",
      "resolved": "https://registry.npmjs.org/sourcemap-codec/-/sourcemap-codec-1.4.8.tgz",
      "integrity": "sha512-9NykojV5Uih4lgo5So5dtw+f0JgJX30KCNI8gwhz2J9A15wD0Ml6tjHKwf6fTSa6fAdVBdZeNOs9eJ71qCk8vA==",
      "dev": true
    },
    "to-fast-properties": {
      "version": "2.0.0",
      "resolved": "https://registry.npmjs.org/to-fast-properties/-/to-fast-properties-2.0.0.tgz",
      "integrity": "sha1-3F5pjL0HkmW8c+A3doGk5Og/YW4="
    },
    "typescript": {
      "version": "4.1.3",
      "resolved": "https://registry.npmjs.org/typescript/-/typescript-4.1.3.tgz",
      "integrity": "sha512-B3ZIOf1IKeH2ixgHhj6la6xdwR9QrLC5d1VKeCSY4tvkqhF2eqd9O7txNlS0PO3GrBAFIdr3L1ndNwteUbZLYg==",
      "dev": true
    },
    "vue": {
      "version": "3.0.5",
      "resolved": "https://registry.npmjs.org/vue/-/vue-3.0.5.tgz",
      "integrity": "sha512-TfaprOmtsAfhQau7WsomXZ8d9op/dkQLNIq8qPV3A0Vxs6GR5E+c1rfJS1SDkXRQj+dFyfnec7+U0Be1huiScg==",
      "requires": {
        "@vue/compiler-dom": "3.0.5",
        "@vue/runtime-dom": "3.0.5",
        "@vue/shared": "3.0.5"
      }
    }
  }
}
